github.com/cavaliercoder/grab v2.0.0+incompatible h1:wZHbBQx56+Yxjx2TCGDcenhh3cJn7cCLMfkEPmySTSE=
github.com/cavaliercoder/grab v2.0.0+incompatible/go.mod h1:tTBkfNqSBfuMmMBFaO2phgyhdYhiZQ/+iXCZDzcDsMI=
github.com/floostack/transcoder v1.1.1 h1:ApvdTZGt4r1N8dcT1PEl4jxX5OBHaOMY42kmCKNbYCE=
github.com/floostack/transcoder v1.1.1/go.mod h1:lT+f8NEGaHP6AVeYLicas0EI0+TforD+DRuLziJg6bY=
github.com/go-chi/chi v1.5.4 h1:QHdzF2szwjqVV4wmByUnTcsbIg7UGaQ0tPF2t5GcAIs=
github.com/go-chi/chi v1.5.4/go.mod h1:uaf8YgoFazUOkPBG7fxPftUylNumIev9awIWOENIuEg=
